{
  "name": "koyeb-proxy",
  "version": "1.0.0",
  "lockfileVersion": 3,
  "requires": true,
  "packages": {
    "": {
      "name": "koyeb-proxy",
      "version": "1.0.0",
      "dependencies": {
        "express": "^4.18.2",
        "node-fetch": "^3.3.1"
      }
    },
    "node_modules/express": {
      "version": "4.18.2",
      "resolved": "https://registry.npmjs.org/express/-/express-4.18.2.tgz",
      "integrity": "sha512-5/PsL6iGPdfQ/MN711lcEPZqlTXOTxPw6itfSXXo8NZADfJXc3l19FBZtSNmIZRa77eesGbko5XIePXGnzPc9w==",
      "engines": {
        "node": ">= 0.10.0"
      }
    },
    "node_modules/node-fetch": {
      "version": "3.3.1",
      "resolved": "https://registry.npmjs.org/node-fetch/-/node-fetch-3.3.1.tgz",
      "integrity": "sha512-cRVm66GTuB2q9W93xT5SHe6j0CshxY89U0/6WpS+D3M4D9P1vW2qj8zW+9QidD/fV/e8zM4HwF7D/6i1D1A==",
      "dependencies": {
        "data-uri-to-buffer": "^4.0.0",
        "fetch-blob": "^3.1.4",
        "formdata-polyfill": "^4.0.10"
      },
      "engines": {
        "node": "^12.20.0 || ^14.13.1 || >=16.0.0"
      }
    }
  }
}
